
Microsoft Visual Studio Solution File, Format Version 12.00
# Visual Studio Version 17
VisualStudioVersion = 17.0.32014.148
MinimumVisualStudioVersion = 10.0.40219.1
Project("{9A19103F-16F7-4668-BE54-9A1E7A4F7556}") = "MoviesToWatch", "MoviesToWatch\MoviesToWatch.csproj", "{A2359E71-F300-43BC-AA7A-738D9832DADB}"
EndProject
Project("{9A19103F-16F7-4668-BE54-9A1E7A4F7556}") = "MoviesToWatch.App", "MoviesToWatch.App\MoviesToWatch.App.csproj", "{87FC9ADB-7072-46C5-91A8-CFD42680546B}"
EndProject
Project("{9A19103F-16F7-4668-BE54-9A1E7A4F7556}") = "MoviesToWatch.Domain", "MoviesToWatch.Domain\MoviesToWatch.Domain.csproj", "{29347931-BD8A-4D73-B758-88D4CFD46586}"
EndProject
Global
	GlobalSection(SolutionConfigurationPlatforms) = preSolution
		Debug|Any CPU = Debug|Any CPU
		Release|Any CPU = Release|Any CPU
	EndGlobalSection
	GlobalSection(ProjectConfigurationPlatforms) = postSolution
		{A2359E71-F300-43BC-AA7A-738D9832DADB}.Debug|Any CPU.ActiveCfg = Debug|Any CPU
		{A2359E71-F300-43BC-AA7A-738D9832DADB}.Debug|Any CPU.Build.0 = Debug|Any CPU
		{A2359E71-F300-43BC-AA7A-738D9832DADB}.Release|Any CPU.ActiveCfg = Release|Any CPU
		{A2359E71-F300-43BC-AA7A-738D9832DADB}.Release|Any CPU.Build.0 = Release|Any CPU
		{87FC9ADB-7072-46C5-91A8-CFD42680546B}.Debug|Any CPU.ActiveCfg = Debug|Any CPU
		{87FC9ADB-7072-46C5-91A8-CFD42680546B}.Debug|Any CPU.Build.0 = Debug|Any CPU
		{87FC9ADB-7072-46C5-91A8-CFD42680546B}.Release|Any CPU.ActiveCfg = Release|Any CPU
		{87FC9ADB-7072-46C5-91A8-CFD42680546B}.Release|Any CPU.Build.0 = Release|Any CPU
		{29347931-BD8A-4D73-B758-88D4CFD46586}.Debug|Any CPU.ActiveCfg = Debug|Any CPU
		{29347931-BD8A-4D73-B758-88D4CFD46586}.Debug|Any CPU.Build.0 = Debug|Any CPU
		{29347931-BD8A-4D73-B758-88D4CFD46586}.Release|Any CPU.ActiveCfg = Release|Any CPU
		{29347931-BD8A-4D73-B758-88D4CFD46586}.Release|Any CPU.Build.0 = Release|Any CPU
	EndGlobalSection
	GlobalSection(SolutionProperties) = preSolution
		HideSolutionNode = FALSE
	EndGlobalSection
	GlobalSection(ExtensibilityGlobals) = postSolution
		SolutionGuid = {457BA6C3-0F13-499D-B830-1AA963A96B1F}
	EndGlobalSection
EndGlobal
